{
  "name": "@juniorlds/coolsolelog",
  "version": "1.0.1",
  "lockfileVersion": 3,
  "requires": true,
  "packages": {
    "": {
      "name": "@juniorlds/coolsolelog",
      "version": "1.0.1",
      "license": "ISC",
      "dependencies": {
        "@juniorlds/coolsolelog": "^1.0.1",
        "cat-names": "^4.0.0",
        "chalk-string": "^3.0.0"
      }
    },
    "node_modules/@juniorlds/coolsolelog": {
      "version": "1.0.1",
      "resolved": "https://registry.npmjs.org/@juniorlds/coolsolelog/-/coolsolelog-1.0.1.tgz",
      "integrity": "sha512-ntgb3Tv0IF+X553mhUe8vVtsPPBVtNGdYFfcnsXrYBkH4xNj8eU5xKf4orBHOyVIHKW3tpsrvTp+coWBR5tXsQ==",
      "license": "ISC",
      "dependencies": {
        "cat-names": "^4.0.0",
        "chalk-string": "^3.0.0"
      }
    },
    "node_modules/cat-names": {
      "version": "4.0.0",
      "resolved": "https://registry.npmjs.org/cat-names/-/cat-names-4.0.0.tgz",
      "integrity": "sha512-vq0Npb5rRvrefMwqHpY8OF8Ux37cwMHO1/rrmEIv8vNvRb8sTz8HnusX5pcpqWf5LVowOdjbyeMtdIt4IKufAg==",
      "license": "MIT",
      "dependencies": {
        "meow": "^13.2.0",
        "unique-random-array": "^3.0.0"
      },
      "bin": {
        "cat-names": "cli.js"
      },
      "engines": {
        "node": ">=18.20"
      },
      "funding": {
        "url": "https://github.com/sponsors/sindresorhus"
      }
    },
    "node_modules/chalk": {
      "version": "5.4.1",
      "resolved": "https://registry.npmjs.org/chalk/-/chalk-5.4.1.tgz",
      "integrity": "sha512-zgVZuo2WcZgfUEmsn6eO3kINexW8RAE4maiQ8QNs8CtpPCSyMiYsULR3HQYkm3w8FIA3SberyMJMSldGsW+U3w==",
      "license": "MIT",
      "engines": {
        "node": "^12.17.0 || ^14.13 || >=16.0.0"
      },
      "funding": {
        "url": "https://github.com/chalk/chalk?sponsor=1"
      }
    },
    "node_modules/chalk-string": {
      "version": "3.0.0",
      "resolved": "https://registry.npmjs.org/chalk-string/-/chalk-string-3.0.0.tgz",
      "integrity": "sha512-ns9W/LjL7t0NmExYCGwDNHsTt4DovG5YahWayBX8G1+bWUiVs88qgElNfHB4D0EGnuc5dTKNqE91Lge+vVseQQ==",
      "license": "MIT",
      "dependencies": {
        "colors-option": "^6.0.0",
        "is-plain-obj": "^4.1.0"
      },
      "engines": {
        "node": ">=18.18.0"
      }
    },
    "node_modules/colors-option": {
      "version": "6.0.0",
      "resolved": "https://registry.npmjs.org/colors-option/-/colors-option-6.0.0.tgz",
      "integrity": "sha512-HBOITH+ixtQMY0D0mFLkHHbSlYdoN9KGu8vS6bLSYkaJm/bb6JbCNWdHKw71jhYNNf2IVlIe9K0TdACq+8Ztrw==",
      "license": "MIT",
      "dependencies": {
        "chalk": "^5.3.0",
        "is-plain-obj": "^4.1.0"
      },
      "engines": {
        "node": ">=18.18.0"
      }
    },
    "node_modules/is-plain-obj": {
      "version": "4.1.0",
      "resolved": "https://registry.npmjs.org/is-plain-obj/-/is-plain-obj-4.1.0.tgz",
      "integrity": "sha512-+Pgi+vMuUNkJyExiMBt5IlFoMyKnr5zhJ4Uspz58WOhBF5QoIZkFyNHIbBAtHwzVAgk5RtndVNsDRN61/mmDqg==",
      "license": "MIT",
      "engines": {
        "node": ">=12"
      },
      "funding": {
        "url": "https://github.com/sponsors/sindresorhus"
      }
    },
    "node_modules/meow": {
      "version": "13.2.0",
      "resolved": "https://registry.npmjs.org/meow/-/meow-13.2.0.tgz",
      "integrity": "sha512-pxQJQzB6djGPXh08dacEloMFopsOqGVRKFPYvPOt9XDZ1HasbgDZA74CJGreSU4G3Ak7EFJGoiH2auq+yXISgA==",
      "license": "MIT",
      "engines": {
        "node": ">=18"
      },
      "funding": {
        "url": "https://github.com/sponsors/sindresorhus"
      }
    },
    "node_modules/unique-random": {
      "version": "3.0.0",
      "resolved": "https://registry.npmjs.org/unique-random/-/unique-random-3.0.0.tgz",
      "integrity": "sha512-4vjtE3pH6xO5OmsSmjc6KPgHy2rbCw66BbMRLIyXkuq+WzOKA1oNkqQ+Y7Lh+sE0DrOrWMSpFkivhhzCF7J6HA==",
      "license": "MIT",
      "engines": {
        "node": ">=12"
      },
      "funding": {
        "url": "https://github.com/sponsors/sindresorhus"
      }
    },
    "node_modules/unique-random-array": {
      "version": "3.0.0",
      "resolved": "https://registry.npmjs.org/unique-random-array/-/unique-random-array-3.0.0.tgz",
      "integrity": "sha512-AETNmMf8dV7VfCu4pM5SO1nKkZZp3lZsbHk9VxkvR2ZjMYy4mzWwzez0g+ZtYIr+RaVH+UN8A003E7woM/ud7Q==",
      "license": "MIT",
      "dependencies": {
        "unique-random": "^3.0.0"
      },
      "engines": {
        "node": ">=12"
      },
      "funding": {
        "url": "https://github.com/sponsors/sindresorhus"
      }
    }
  }
}
